
Microsoft Visual Studio Solution File, Format Version 12.00
# Visual Studio Version 17
VisualStudioVersion = 17.4.33205.214
MinimumVisualStudioVersion = 10.0.40219.1
Project("{FAE04EC0-301F-11D3-BF4B-00C04F79EFBC}") = "BulkyBook.Web", "BulkyBook.Web\BulkyBook.Web.csproj", "{6DA2CC38-82C0-4CF7-AA27-D05F224ED05E}"
EndProject
Project("{FAE04EC0-301F-11D3-BF4B-00C04F79EFBC}") = "BulkyBook.DataAccess", "BulkyBook.DataAccess\BulkyBook.DataAccess.csproj", "{6439DC9C-C134-4553-88BC-D0B543E08153}"
EndProject
Project("{FAE04EC0-301F-11D3-BF4B-00C04F79EFBC}") = "BulkyBook.Models", "BulkyBook.Models\BulkyBook.Models.csproj", "{17BE9C99-63CF-40A3-93A6-AE400BBD80E5}"
EndProject
Project("{FAE04EC0-301F-11D3-BF4B-00C04F79EFBC}") = "BulkyBook.Utility", "BulkyBook.Utility\BulkyBook.Utility.csproj", "{3EB0697B-6329-471A-8D25-80F4450CD5CD}"
EndProject
Global
	GlobalSection(SolutionConfigurationPlatforms) = preSolution
		Debug|Any CPU = Debug|Any CPU
		Release|Any CPU = Release|Any CPU
	EndGlobalSection
	GlobalSection(ProjectConfigurationPlatforms) = postSolution
		{6DA2CC38-82C0-4CF7-AA27-D05F224ED05E}.Debug|Any CPU.ActiveCfg = Debug|Any CPU
		{6DA2CC38-82C0-4CF7-AA27-D05F224ED05E}.Debug|Any CPU.Build.0 = Debug|Any CPU
		{6DA2CC38-82C0-4CF7-AA27-D05F224ED05E}.Release|Any CPU.ActiveCfg = Release|Any CPU
		{6DA2CC38-82C0-4CF7-AA27-D05F224ED05E}.Release|Any CPU.Build.0 = Release|Any CPU
		{6439DC9C-C134-4553-88BC-D0B543E08153}.Debug|Any CPU.ActiveCfg = Debug|Any CPU
		{6439DC9C-C134-4553-88BC-D0B543E08153}.Debug|Any CPU.Build.0 = Debug|Any CPU
		{6439DC9C-C134-4553-88BC-D0B543E08153}.Release|Any CPU.ActiveCfg = Release|Any CPU
		{6439DC9C-C134-4553-88BC-D0B543E08153}.Release|Any CPU.Build.0 = Release|Any CPU
		{17BE9C99-63CF-40A3-93A6-AE400BBD80E5}.Debug|Any CPU.ActiveCfg = Debug|Any CPU
		{17BE9C99-63CF-40A3-93A6-AE400BBD80E5}.Debug|Any CPU.Build.0 = Debug|Any CPU
		{17BE9C99-63CF-40A3-93A6-AE400BBD80E5}.Release|Any CPU.ActiveCfg = Release|Any CPU
		{17BE9C99-63CF-40A3-93A6-AE400BBD80E5}.Release|Any CPU.Build.0 = Release|Any CPU
		{3EB0697B-6329-471A-8D25-80F4450CD5CD}.Debug|Any CPU.ActiveCfg = Debug|Any CPU
		{3EB0697B-6329-471A-8D25-80F4450CD5CD}.Debug|Any CPU.Build.0 = Debug|Any CPU
		{3EB0697B-6329-471A-8D25-80F4450CD5CD}.Release|Any CPU.ActiveCfg = Release|Any CPU
		{3EB0697B-6329-471A-8D25-80F4450CD5CD}.Release|Any CPU.Build.0 = Release|Any CPU
	EndGlobalSection
	GlobalSection(SolutionProperties) = preSolution
		HideSolutionNode = FALSE
	EndGlobalSection
	GlobalSection(ExtensibilityGlobals) = postSolution
		SolutionGuid = {074BD8B4-5CEE-4EFE-8C3B-71727E36D91D}
	EndGlobalSection
EndGlobal
